
Microsoft Visual Studio Solution File, Format Version 12.00
# Visual Studio 15
VisualStudioVersion = 15.0.27428.2037
MinimumVisualStudioVersion = 10.0.40219.1
Project("{8BC9CEB8-8B4A-11D0-8D11-00A0C91BC942}") = "MiamiFallOut", "MiamiFallOut\MiamiFallOut.vcxproj", "{84C3F209-8659-4604-8E0D-02FD8E6DCB2D}"
EndProject
Global
	GlobalSection(SolutionConfigurationPlatforms) = preSolution
		Debug|x64 = Debug|x64
		Debug|x86 = Debug|x86
		Release|x64 = Release|x64
		Release|x86 = Release|x86
	EndGlobalSection
	GlobalSection(ProjectConfigurationPlatforms) = postSolution
		{84C3F209-8659-4604-8E0D-02FD8E6DCB2D}.Debug|x64.ActiveCfg = Debug|x64
		{84C3F209-8659-4604-8E0D-02FD8E6DCB2D}.Debug|x64.Build.0 = Debug|x64
		{84C3F209-8659-4604-8E0D-02FD8E6DCB2D}.Debug|x86.ActiveCfg = Debug|Win32
		{84C3F209-8659-4604-8E0D-02FD8E6DCB2D}.Debug|x86.Build.0 = Debug|Win32
		{84C3F209-8659-4604-8E0D-02FD8E6DCB2D}.Release|x64.ActiveCfg = Release|x64
		{84C3F209-8659-4604-8E0D-02FD8E6DCB2D}.Release|x64.Build.0 = Release|x64
		{84C3F209-8659-4604-8E0D-02FD8E6DCB2D}.Release|x86.ActiveCfg = Release|Win32
		{84C3F209-8659-4604-8E0D-02FD8E6DCB2D}.Release|x86.Build.0 = Release|Win32
	EndGlobalSection
	GlobalSection(SolutionProperties) = preSolution
		HideSolutionNode = FALSE
	EndGlobalSection
	GlobalSection(ExtensibilityGlobals) = postSolution
		SolutionGuid = {4260655F-A923-41C6-95E5-759B9F9A7500}
	EndGlobalSection
EndGlobal
